
Microsoft Visual Studio Solution File, Format Version 12.00
# Visual Studio Version 17
VisualStudioVersion = 17.14.36811.4
MinimumVisualStudioVersion = 10.0.40219.1
Project("{FAE04EC0-301F-11D3-BF4B-00C04F79EFBC}") = "SecureNotesWin", "SecureNotesWin.csproj", "{E62FC9C5-C5D1-DFC3-B485-A95731BE87E1}"
EndProject
Project("{54435603-DBB4-11D2-8724-00A0C9A8B90C}") = "SecureNotesInstaller", "..\SecureNotesInstaller\SecureNotesInstaller.vdproj", "{B7863BA5-3757-C84C-63FB-D33303006AEE}"
EndProject
Global
	GlobalSection(SolutionConfigurationPlatforms) = preSolution
		Debug|Any CPU = Debug|Any CPU
		Debug|x64 = Debug|x64
		Release|Any CPU = Release|Any CPU
		Release|x64 = Release|x64
	EndGlobalSection
	GlobalSection(ProjectConfigurationPlatforms) = postSolution
		{E62FC9C5-C5D1-DFC3-B485-A95731BE87E1}.Debug|Any CPU.ActiveCfg = Debug|Any CPU
		{E62FC9C5-C5D1-DFC3-B485-A95731BE87E1}.Debug|Any CPU.Build.0 = Debug|Any CPU
		{E62FC9C5-C5D1-DFC3-B485-A95731BE87E1}.Debug|x64.ActiveCfg = Debug|x64
		{E62FC9C5-C5D1-DFC3-B485-A95731BE87E1}.Debug|x64.Build.0 = Debug|x64
		{E62FC9C5-C5D1-DFC3-B485-A95731BE87E1}.Release|Any CPU.ActiveCfg = Release|Any CPU
		{E62FC9C5-C5D1-DFC3-B485-A95731BE87E1}.Release|Any CPU.Build.0 = Release|Any CPU
		{E62FC9C5-C5D1-DFC3-B485-A95731BE87E1}.Release|x64.ActiveCfg = Release|x64
		{E62FC9C5-C5D1-DFC3-B485-A95731BE87E1}.Release|x64.Build.0 = Release|x64
		{B7863BA5-3757-C84C-63FB-D33303006AEE}.Debug|Any CPU.ActiveCfg = Debug
		{B7863BA5-3757-C84C-63FB-D33303006AEE}.Debug|x64.ActiveCfg = Debug
		{B7863BA5-3757-C84C-63FB-D33303006AEE}.Debug|x64.Build.0 = Debug
		{B7863BA5-3757-C84C-63FB-D33303006AEE}.Release|Any CPU.ActiveCfg = Release
		{B7863BA5-3757-C84C-63FB-D33303006AEE}.Release|x64.ActiveCfg = Release
		{B7863BA5-3757-C84C-63FB-D33303006AEE}.Release|x64.Build.0 = Release
	EndGlobalSection
	GlobalSection(SolutionProperties) = preSolution
		HideSolutionNode = FALSE
	EndGlobalSection
	GlobalSection(ExtensibilityGlobals) = postSolution
		SolutionGuid = {3AD695E7-0A6D-4C4A-9595-61622931CA0D}
	EndGlobalSection
EndGlobal
